// !$*UTF8*$!
{
	archiveVersion = 1;
	classes = {
	};
	objectVersion = 46;
	objects = {

/* Begin PBXBuildFile section */
		90B2D8321EAFB98D008A00D2 /* AppDelegate.swift in Sources */ = {isa = PBXBuildFile; fileRef = 90B2D8311EAFB98D008A00D2 /* AppDelegate.swift */; };
		90B2D8341EAFB98D008A00D2 /* ViewController.swift in Sources */ = {isa = PBXBuildFile; fileRef = 90B2D8331EAFB98D008A00D2 /* ViewController.swift */; };
		90B2D8371EAFB98D008A00D2 /* Main.storyboard in Resources */ = {isa = PBXBuildFile; fileRef = 90B2D8351EAFB98D008A00D2 /* Main.storyboard */; };
		90B2D8391EAFB98D008A00D2 /* Assets.xcassets in Resources */ = {isa = PBXBuildFile; fileRef = 90B2D8381EAFB98D008A00D2 /* Assets.xcassets */; };
		90B2D83C1EAFB98D008A00D2 /* LaunchScreen.storyboard in Resources */ = {isa = PBXBuildFile; fileRef = 90B2D83A1EAFB98D008A00D2 /* LaunchScreen.storyboard */; };
		90B2D8441EAFBDD2008A00D2 /* pokemon.csv in Resources */ = {isa = PBXBuildFile; fileRef = 90B2D8431EAFBDD2008A00D2 /* pokemon.csv */; };
		90B2D8471EAFC015008A00D2 /* Pokemon.swift in Sources */ = {isa = PBXBuildFile; fileRef = 90B2D8461EAFC015008A00D2 /* Pokemon.swift */; };
		90B2D84D1EAFCE26008A00D2 /* PokeCell.swift in Sources */ = {isa = PBXBuildFile; fileRef = 90B2D84C1EAFCE26008A00D2 /* PokeCell.swift */; };
		90B2D84F1EAFDF4C008A00D2 /* csv.swift in Sources */ = {isa = PBXBuildFile; fileRef = 90B2D84E1EAFDF4C008A00D2 /* csv.swift */; };
/* End PBXBuildFile section */

/* Begin PBXFileReference section */
		90B2D82E1EAFB98D008A00D2 /* pokedex.app */ = {isa = PBXFileReference; explicitFileType = wrapper.application; includeInIndex = 0; path = pokedex.app; sourceTree = BUILT_PRODUCTS_DIR; };
		90B2D8311EAFB98D008A00D2 /* AppDelegate.swift */ = {isa = PBXFileReference; lastKnownFileType = sourcecode.swift; path = AppDelegate.swift; sourceTree = "<group>"; };
		90B2D8331EAFB98D008A00D2 /* ViewController.swift */ = {isa = PBXFileReference; lastKnownFileType = sourcecode.swift; path = ViewController.swift; sourceTree = "<group>"; };
		90B2D8361EAFB98D008A00D2 /* Base */ = {isa = PBXFileReference; lastKnownFileType = file.storyboard; name = Base; path = Base.lproj/Main.storyboard; sourceTree = "<group>"; };
		90B2D8381EAFB98D008A00D2 /* Assets.xcassets */ = {isa = PBXFileReference; lastKnownFileType = folder.assetcatalog; path = Assets.xcassets; sourceTree = "<group>"; };
		90B2D83B1EAFB98D008A00D2 /* Base */ = {isa = PBXFileReference; lastKnownFileType = file.storyboard; name = Base; path = Base.lproj/LaunchScreen.storyboard; sourceTree = "<group>"; };
		90B2D83D1EAFB98D008A00D2 /* Info.plist */ = {isa = PBXFileReference; lastKnownFileType = text.plist.xml; path = Info.plist; sourceTree = "<group>"; };
		90B2D8431EAFBDD2008A00D2 /* pokemon.csv */ = {isa = PBXFileReference; fileEncoding = 4; lastKnownFileType = text; path = pokemon.csv; sourceTree = "<group>"; };
		90B2D8461EAFC015008A00D2 /* Pokemon.swift */ = {isa = PBXFileReference; fileEncoding = 4; lastKnownFileType = sourcecode.swift; path = Pokemon.swift; sourceTree = "<group>"; };
		90B2D84C1EAFCE26008A00D2 /* PokeCell.swift */ = {isa = PBXFileReference; fileEncoding = 4; lastKnownFileType = sourcecode.swift; path = PokeCell.swift; sourceTree = "<group>"; };
		90B2D84E1EAFDF4C008A00D2 /* csv.swift */ = {isa = PBXFileReference; fileEncoding = 4; lastKnownFileType = sourcecode.swift; path = csv.swift; sourceTree = "<group>"; };
/* End PBXFileReference section */

/* Begin PBXFrameworksBuildPhase section */
		90B2D82B1EAFB98D008A00D2 /* Frameworks */ = {
			isa = PBXFrameworksBuildPhase;
			buildActionMask = 2147483647;
			files = (
			);
			runOnlyForDeploymentPostprocessing = 0;
		};
/* End PBXFrameworksBuildPhase section */

/* Begin PBXGroup section */
		90B2D8251EAFB98D008A00D2 = {
			isa = PBXGroup;
			children = (
				90B2D8301EAFB98D008A00D2 /* pokedex */,
				90B2D82F1EAFB98D008A00D2 /* Products */,
			);
			sourceTree = "<group>";
		};
		90B2D82F1EAFB98D008A00D2 /* Products */ = {
			isa = PBXGroup;
			children = (
				90B2D82E1EAFB98D008A00D2 /* pokedex.app */,
			);
			name = Products;
			sourceTree = "<group>";
		};
		90B2D8301EAFB98D008A00D2 /* pokedex */ = {
			isa = PBXGroup;
			children = (
				90B2D8481EAFC834008A00D2 /* View */,
				90B2D8451EAFBFE1008A00D2 /* Model */,
				90B2D8311EAFB98D008A00D2 /* AppDelegate.swift */,
				90B2D8331EAFB98D008A00D2 /* ViewController.swift */,
				90B2D8351EAFB98D008A00D2 /* Main.storyboard */,
				90B2D8381EAFB98D008A00D2 /* Assets.xcassets */,
				90B2D83A1EAFB98D008A00D2 /* LaunchScreen.storyboard */,
				90B2D83D1EAFB98D008A00D2 /* Info.plist */,
				90B2D84E1EAFDF4C008A00D2 /* csv.swift */,
				90B2D8431EAFBDD2008A00D2 /* pokemon.csv */,
			);
			path = pokedex;
			sourceTree = "<group>";
		};
		90B2D8451EAFBFE1008A00D2 /* Model */ = {
			isa = PBXGroup;
			children = (
				90B2D8461EAFC015008A00D2 /* Pokemon.swift */,
			);
			name = Model;
			sourceTree = "<group>";
		};
		90B2D8481EAFC834008A00D2 /* View */ = {
			isa = PBXGroup;
			children = (
				90B2D84C1EAFCE26008A00D2 /* PokeCell.swift */,
			);
			name = View;
			sourceTree = "<group>";
		};
/* End PBXGroup section */

/* Begin PBXNativeTarget section */
		90B2D82D1EAFB98D008A00D2 /* pokedex */ = {
			isa = PBXNativeTarget;
			buildConfigurationList = 90B2D8401EAFB98D008A00D2 /* Build configuration list for PBXNativeTarget "pokedex" */;
			buildPhases = (
				90B2D82A1EAFB98D008A00D2 /* Sources */,
				90B2D82B1EAFB98D008A00D2 /* Frameworks */,
				90B2D82C1EAFB98D008A00D2 /* Resources */,
			);
			buildRules = (
			);
			dependencies = (
			);
			name = pokedex;
			productName = pokedex;
			productReference = 90B2D82E1EAFB98D008A00D2 /* pokedex.app */;
			productType = "com.apple.product-type.application";
		};
/* End PBXNativeTarget section */

/* Begin PBXProject section */
		90B2D8261EAFB98D008A00D2 /* Project object */ = {
			isa = PBXProject;
			attributes = {
				LastSwiftUpdateCheck = 0830;
				LastUpgradeCheck = 0830;
				ORGANIZATIONNAME = "Jędrzej Kubaczyk";
				TargetAttributes = {
					90B2D82D1EAFB98D008A00D2 = {
						CreatedOnToolsVersion = 8.3.1;
						DevelopmentTeam = 2W54P5MBST;
						LastSwiftMigration = 0830;
						ProvisioningStyle = Automatic;
					};
				};
			};
			buildConfigurationList = 90B2D8291EAFB98D008A00D2 /* Build configuration list for PBXProject "pokedex" */;
			compatibilityVersion = "Xcode 3.2";
			developmentRegion = English;
			hasScannedForEncodings = 0;
			knownRegions = (
				en,
				Base,
			);
			mainGroup = 90B2D8251EAFB98D008A00D2;
			productRefGroup = 90B2D82F1EAFB98D008A00D2 /* Products */;
			projectDirPath = "";
			projectRoot = "";
			targets = (
				90B2D82D1EAFB98D008A00D2 /* pokedex */,
			);
		};
/* End PBXProject section */

/* Begin PBXResourcesBuildPhase section */
		90B2D82C1EAFB98D008A00D2 /* Resources */ = {
			isa = PBXResourcesBuildPhase;
			buildActionMask = 2147483647;
			files = (
				90B2D83C1EAFB98D008A00D2 /* LaunchScreen.storyboard in Resources */,
				90B2D8391EAFB98D008A00D2 /* Assets.xcassets in Resources */,
				90B2D8441EAFBDD2008A00D2 /* pokemon.csv in Resources */,
				90B2D8371EAFB98D008A00D2 /* Main.storyboard in Resources */,
			);
			runOnlyForDeploymentPostprocessing = 0;
		};
/* End PBXResourcesBuildPhase section */

/* Begin PBXSourcesBuildPhase section */
		90B2D82A1EAFB98D008A00D2 /* Sources */ = {
			isa = PBXSourcesBuildPhase;
			buildActionMask = 2147483647;
			files = (
				90B2D8341EAFB98D008A00D2 /* ViewController.swift in Sources */,
				90B2D8321EAFB98D008A00D2 /* AppDelegate.swift in Sources */,
				90B2D8471EAFC015008A00D2 /* Pokemon.swift in Sources */,
				90B2D84D1EAFCE26008A00D2 /* PokeCell.swift in Sources */,
				90B2D84F1EAFDF4C008A00D2 /* csv.swift in Sources */,
			);
			runOnlyForDeploymentPostprocessing = 0;
		};
/* End PBXSourcesBuildPhase section */

/* Begin PBXVariantGroup section */
		90B2D8351EAFB98D008A00D2 /* Main.storyboard */ = {
			isa = PBXVariantGroup;
			children = (
				90B2D8361EAFB98D008A00D2 /* Base */,
			);
			name = Main.storyboard;
			sourceTree = "<group>";
		};
		90B2D83A1EAFB98D008A00D2 /* LaunchScreen.storyboard */ = {
			isa = PBXVariantGroup;
			children = (
				90B2D83B1EAFB98D008A00D2 /* Base */,
			);
			name = LaunchScreen.storyboard;
			sourceTree = "<group>";
		};
/* End PBXVariantGroup section */

/* Begin XCBuildConfiguration section */
		90B2D83E1EAFB98D008A00D2 /* Debug */ = {
			isa = XCBuildConfiguration;
			buildSettings = {
				ALWAYS_SEARCH_USER_PATHS = NO;
				CLANG_ANALYZER_NONNULL = YES;
				CLANG_ANALYZER_NUMBER_OBJECT_CONVERSION = YES_AGGRESSIVE;
				CLANG_CXX_LANGUAGE_STANDARD = "gnu++0x";
				CLANG_CXX_LIBRARY = "libc++";
				CLANG_ENABLE_MODULES = YES;
				CLANG_ENABLE_OBJC_ARC = YES;
				CLANG_WARN_BOOL_CONVERSION = YES;
				CLANG_WARN_CONSTANT_CONVERSION = YES;
				CLANG_WARN_DIRECT_OBJC_ISA_USAGE = YES_ERROR;
				CLANG_WARN_DOCUMENTATION_COMMENTS = YES;
				CLANG_WARN_EMPTY_BODY = YES;
				CLANG_WARN_ENUM_CONVERSION = YES;
				CLANG_WARN_INFINITE_RECURSION = YES;
				CLANG_WARN_INT_CONVERSION = YES;
				CLANG_WARN_OBJC_ROOT_CLASS = YES_ERROR;
				CLANG_WARN_SUSPICIOUS_MOVE = YES;
				CLANG_WARN_UNREACHABLE_CODE = YES;
				CLANG_WARN__DUPLICATE_METHOD_MATCH = YES;
				"CODE_SIGN_IDENTITY[sdk=iphoneos*]" = "iPhone Developer";
				COPY_PHASE_STRIP = NO;
				DEBUG_INFORMATION_FORMAT = dwarf;
				ENABLE_STRICT_OBJC_MSGSEND = YES;
				ENABLE_TESTABILITY = YES;
				GCC_C_LANGUAGE_STANDARD = gnu99;
				GCC_DYNAMIC_NO_PIC = NO;
				GCC_NO_COMMON_BLOCKS = YES;
				GCC_OPTIMIZATION_LEVEL = 0;
				GCC_PREPROCESSOR_DEFINITIONS = (
					"DEBUG=1",
					"$(inherited)",
				);
				GCC_WARN_64_TO_32_BIT_CONVERSION = YES;
				GCC_WARN_ABOUT_RETURN_TYPE = YES_ERROR;
				GCC_WARN_UNDECLARED_SELECTOR = YES;
				GCC_WARN_UNINITIALIZED_AUTOS = YES_AGGRESSIVE;
				GCC_WARN_UNUSED_FUNCTION = YES;
				GCC_WARN_UNUSED_VARIABLE = YES;
				IPHONEOS_DEPLOYMENT_TARGET = 10.3;
				MTL_ENABLE_DEBUG_INFO = YES;
				ONLY_ACTIVE_ARCH = YES;
				SDKROOT = iphoneos;
				SWIFT_ACTIVE_COMPILATION_CONDITIONS = DEBUG;
				SWIFT_OPTIMIZATION_LEVEL = "-Onone";
				TARGETED_DEVICE_FAMILY = "1,2";
			};
			name = Debug;
		};
		90B2D83F1EAFB98D008A00D2 /* Release */ = {
			isa = XCBuildConfiguration;
			buildSettings = {
				ALWAYS_SEARCH_USER_PATHS = NO;
				CLANG_ANALYZER_NONNULL = YES;
				CLANG_ANALYZER_NUMBER_OBJECT_CONVERSION = YES_AGGRESSIVE;
				CLANG_CXX_LANGUAGE_STANDARD = "gnu++0x";
				CLANG_CXX_LIBRARY = "libc++";
				CLANG_ENABLE_MODULES = YES;
				CLANG_ENABLE_OBJC_ARC = YES;
				CLANG_WARN_BOOL_CONVERSION = YES;
				CLANG_WARN_CONSTANT_CONVERSION = YES;
				CLANG_WARN_DIRECT_OBJC_ISA_USAGE = YES_ERROR;
				CLANG_WARN_DOCUMENTATION_COMMENTS = YES;
				CLANG_WARN_EMPTY_BODY = YES;
				CLANG_WARN_ENUM_CONVERSION = YES;
				CLANG_WARN_INFINITE_RECURSION = YES;
				CLANG_WARN_INT_CONVERSION = YES;
				CLANG_WARN_OBJC_ROOT_CLASS = YES_ERROR;
				CLANG_WARN_SUSPICIOUS_MOVE = YES;
				CLANG_WARN_UNREACHABLE_CODE = YES;
				CLANG_WARN__DUPLICATE_METHOD_MATCH = YES;
				"CODE_SIGN_IDENTITY[sdk=iphoneos*]" = "iPhone Developer";
				COPY_PHASE_STRIP = NO;
				DEBUG_INFORMATION_FORMAT = "dwarf-with-dsym";
				ENABLE_NS_ASSERTIONS = NO;
				ENABLE_STRICT_OBJC_MSGSEND = YES;
				GCC_C_LANGUAGE_STANDARD = gnu99;
				GCC_NO_COMMON_BLOCKS = YES;
				GCC_WARN_64_TO_32_BIT_CONVERSION = YES;
				GCC_WARN_ABOUT_RETURN_TYPE = YES_ERROR;
				GCC_WARN_UNDECLARED_SELECTOR = YES;
				GCC_WARN_UNINITIALIZED_AUTOS = YES_AGGRESSIVE;
				GCC_WARN_UNUSED_FUNCTION = YES;
				GCC_WARN_UNUSED_VARIABLE = YES;
				IPHONEOS_DEPLOYMENT_TARGET = 10.3;
				MTL_ENABLE_DEBUG_INFO = NO;
				SDKROOT = iphoneos;
				SWIFT_OPTIMIZATION_LEVEL = "-Owholemodule";
				TARGETED_DEVICE_FAMILY = "1,2";
				VALIDATE_PRODUCT = YES;
			};
			name = Release;
		};
		90B2D8411EAFB98D008A00D2 /* Debug */ = {
			isa = XCBuildConfiguration;
			buildSettings = {
				ASSETCATALOG_COMPILER_APPICON_NAME = AppIcon;
				DEVELOPMENT_TEAM = 2W54P5MBST;
				INFOPLIST_FILE = pokedex/Info.plist;
				LD_RUNPATH_SEARCH_PATHS = "$(inherited) @executable_path/Frameworks";
				PRODUCT_BUNDLE_IDENTIFIER = "PPM-IT.pokedex";
				PRODUCT_NAME = "$(TARGET_NAME)";
				SWIFT_VERSION = 3.0;
				TARGETED_DEVICE_FAMILY = 1;
			};
			name = Debug;
		};
		90B2D8421EAFB98D008A00D2 /* Release */ = {
			isa = XCBuildConfiguration;
			buildSettings = {
				ASSETCATALOG_COMPILER_APPICON_NAME = AppIcon;
				DEVELOPMENT_TEAM = 2W54P5MBST;
				INFOPLIST_FILE = pokedex/Info.plist;
				LD_RUNPATH_SEARCH_PATHS = "$(inherited) @executable_path/Frameworks";
				PRODUCT_BUNDLE_IDENTIFIER = "PPM-IT.pokedex";
				PRODUCT_NAME = "$(TARGET_NAME)";
				SWIFT_VERSION = 3.0;
				TARGETED_DEVICE_FAMILY = 1;
			};
			name = Release;
		};
/* End XCBuildConfiguration section */

/* Begin XCConfigurationList section */
		90B2D8291EAFB98D008A00D2 /* Build configuration list for PBXProject "pokedex" */ = {
			isa = XCConfigurationList;
			buildConfigurations = (
				90B2D83E1EAFB98D008A00D2 /* Debug */,
				90B2D83F1EAFB98D008A00D2 /* Release */,
			);
			defaultConfigurationIsVisible = 0;
			defaultConfigurationName = Release;
		};
		90B2D8401EAFB98D008A00D2 /* Build configuration list for PBXNativeTarget "pokedex" */ = {
			isa = XCConfigurationList;
			buildConfigurations = (
				90B2D8411EAFB98D008A00D2 /* Debug */,
				90B2D8421EAFB98D008A00D2 /* Release */,
			);
			defaultConfigurationIsVisible = 0;
			defaultConfigurationName = Release;
		};
/* End XCConfigurationList section */
	};
	rootObject = 90B2D8261EAFB98D008A00D2 /* Project object */;
}
